
Microsoft Visual Studio Solution File, Format Version 12.00
# Visual Studio Version 17
VisualStudioVersion = 17.1.32228.430
MinimumVisualStudioVersion = 10.0.40219.1
Project("{FAE04EC0-301F-11D3-BF4B-00C04F79EFBC}") = "CinemaEFApp", "CinemaEFApp\CinemaEFApp.csproj", "{277D926E-8F65-44B0-A558-4C73341ACBDE}"
EndProject
Global
	GlobalSection(SolutionConfigurationPlatforms) = preSolution
		Debug|Any CPU = Debug|Any CPU
		Release|Any CPU = Release|Any CPU
	EndGlobalSection
	GlobalSection(ProjectConfigurationPlatforms) = postSolution
		{277D926E-8F65-44B0-A558-4C73341ACBDE}.Debug|Any CPU.ActiveCfg = Debug|Any CPU
		{277D926E-8F65-44B0-A558-4C73341ACBDE}.Debug|Any CPU.Build.0 = Debug|Any CPU
		{277D926E-8F65-44B0-A558-4C73341ACBDE}.Release|Any CPU.ActiveCfg = Release|Any CPU
		{277D926E-8F65-44B0-A558-4C73341ACBDE}.Release|Any CPU.Build.0 = Release|Any CPU
	EndGlobalSection
	GlobalSection(SolutionProperties) = preSolution
		HideSolutionNode = FALSE
	EndGlobalSection
	GlobalSection(ExtensibilityGlobals) = postSolution
		SolutionGuid = {AB9CB275-CA57-4C85-BB0C-72D2A4490775}
	EndGlobalSection
EndGlobal
